
Microsoft Visual Studio Solution File, Format Version 12.00
# Visual Studio Version 17
VisualStudioVersion = 17.7.34003.232
MinimumVisualStudioVersion = 10.0.40219.1
Project("{2150E333-8FDC-42A3-9474-1A3956D46DE8}") = "src", "src", "{B61F6493-F5AE-4DE1-99A9-16827C6A859B}"
EndProject
Project("{FAE04EC0-301F-11D3-BF4B-00C04F79EFBC}") = "IoC.DI.WinForm.Sample", "src\IoC.DI.WinForm.Sample\IoC.DI.WinForm.Sample.csproj", "{6C0E8234-AB0E-4FA0-A215-7BEB01F55E56}"
EndProject
Global
	GlobalSection(SolutionConfigurationPlatforms) = preSolution
		Debug|Any CPU = Debug|Any CPU
		Release|Any CPU = Release|Any CPU
	EndGlobalSection
	GlobalSection(ProjectConfigurationPlatforms) = postSolution
		{6C0E8234-AB0E-4FA0-A215-7BEB01F55E56}.Debug|Any CPU.ActiveCfg = Debug|Any CPU
		{6C0E8234-AB0E-4FA0-A215-7BEB01F55E56}.Debug|Any CPU.Build.0 = Debug|Any CPU
		{6C0E8234-AB0E-4FA0-A215-7BEB01F55E56}.Release|Any CPU.ActiveCfg = Release|Any CPU
		{6C0E8234-AB0E-4FA0-A215-7BEB01F55E56}.Release|Any CPU.Build.0 = Release|Any CPU
	EndGlobalSection
	GlobalSection(SolutionProperties) = preSolution
		HideSolutionNode = FALSE
	EndGlobalSection
	GlobalSection(NestedProjects) = preSolution
		{6C0E8234-AB0E-4FA0-A215-7BEB01F55E56} = {B61F6493-F5AE-4DE1-99A9-16827C6A859B}
	EndGlobalSection
	GlobalSection(ExtensibilityGlobals) = postSolution
		SolutionGuid = {2AE6B06A-8008-48E6-BAD0-1C263518FC2D}
	EndGlobalSection
EndGlobal
